// !$*UTF8*$!
{
	archiveVersion = 1;
	classes = {
	};
	objectVersion = 56;
	objects = {

/* Begin PBXBuildFile section */
		5256176F2B7170CE0057B82D /* callenderCell.swift in Sources */ = {isa = PBXBuildFile; fileRef = 5256176E2B7170CE0057B82D /* callenderCell.swift */; };
		525617712B7176230057B82D /* CallenderHelper.swift in Sources */ = {isa = PBXBuildFile; fileRef = 525617702B7176230057B82D /* CallenderHelper.swift */; };
		52A719722B716A0B001618D8 /* AppDelegate.swift in Sources */ = {isa = PBXBuildFile; fileRef = 52A719712B716A0B001618D8 /* AppDelegate.swift */; };
		52A719742B716A0B001618D8 /* SceneDelegate.swift in Sources */ = {isa = PBXBuildFile; fileRef = 52A719732B716A0B001618D8 /* SceneDelegate.swift */; };
		52A719762B716A0B001618D8 /* ViewController.swift in Sources */ = {isa = PBXBuildFile; fileRef = 52A719752B716A0B001618D8 /* ViewController.swift */; };
		52A719792B716A0B001618D8 /* Main.storyboard in Resources */ = {isa = PBXBuildFile; fileRef = 52A719772B716A0B001618D8 /* Main.storyboard */; };
		52A7197B2B716A0E001618D8 /* Assets.xcassets in Resources */ = {isa = PBXBuildFile; fileRef = 52A7197A2B716A0E001618D8 /* Assets.xcassets */; };
		52A7197E2B716A0E001618D8 /* LaunchScreen.storyboard in Resources */ = {isa = PBXBuildFile; fileRef = 52A7197C2B716A0E001618D8 /* LaunchScreen.storyboard */; };
		52A719892B716A0E001618D8 /* callenderAppTests.swift in Sources */ = {isa = PBXBuildFile; fileRef = 52A719882B716A0E001618D8 /* callenderAppTests.swift */; };
		52A719932B716A0E001618D8 /* callenderAppUITests.swift in Sources */ = {isa = PBXBuildFile; fileRef = 52A719922B716A0E001618D8 /* callenderAppUITests.swift */; };
		52A719952B716A0E001618D8 /* callenderAppUITestsLaunchTests.swift in Sources */ = {isa = PBXBuildFile; fileRef = 52A719942B716A0E001618D8 /* callenderAppUITestsLaunchTests.swift */; };
/* End PBXBuildFile section */

/* Begin PBXContainerItemProxy section */
		52A719852B716A0E001618D8 /* PBXContainerItemProxy */ = {
			isa = PBXContainerItemProxy;
			containerPortal = 52A719662B716A0B001618D8 /* Project object */;
			proxyType = 1;
			remoteGlobalIDString = 52A7196D2B716A0B001618D8;
			remoteInfo = callenderApp;
		};
		52A7198F2B716A0E001618D8 /* PBXContainerItemProxy */ = {
			isa = PBXContainerItemProxy;
			containerPortal = 52A719662B716A0B001618D8 /* Project object */;
			proxyType = 1;
			remoteGlobalIDString = 52A7196D2B716A0B001618D8;
			remoteInfo = callenderApp;
		};
/* End PBXContainerItemProxy section */

/* Begin PBXFileReference section */
		5256176E2B7170CE0057B82D /* callenderCell.swift */ = {isa = PBXFileReference; lastKnownFileType = sourcecode.swift; path = callenderCell.swift; sourceTree = "<group>"; };
		525617702B7176230057B82D /* CallenderHelper.swift */ = {isa = PBXFileReference; lastKnownFileType = sourcecode.swift; path = CallenderHelper.swift; sourceTree = "<group>"; };
		52A7196E2B716A0B001618D8 /* CalendarApp.app */ = {isa = PBXFileReference; explicitFileType = wrapper.application; includeInIndex = 0; path = CalendarApp.app; sourceTree = BUILT_PRODUCTS_DIR; };
		52A719712B716A0B001618D8 /* AppDelegate.swift */ = {isa = PBXFileReference; lastKnownFileType = sourcecode.swift; path = AppDelegate.swift; sourceTree = "<group>"; };
		52A719732B716A0B001618D8 /* SceneDelegate.swift */ = {isa = PBXFileReference; lastKnownFileType = sourcecode.swift; path = SceneDelegate.swift; sourceTree = "<group>"; };
		52A719752B716A0B001618D8 /* ViewController.swift */ = {isa = PBXFileReference; lastKnownFileType = sourcecode.swift; path = ViewController.swift; sourceTree = "<group>"; };
		52A719782B716A0B001618D8 /* Base */ = {isa = PBXFileReference; lastKnownFileType = file.storyboard; name = Base; path = Base.lproj/Main.storyboard; sourceTree = "<group>"; };
		52A7197A2B716A0E001618D8 /* Assets.xcassets */ = {isa = PBXFileReference; lastKnownFileType = folder.assetcatalog; path = Assets.xcassets; sourceTree = "<group>"; };
		52A7197D2B716A0E001618D8 /* Base */ = {isa = PBXFileReference; lastKnownFileType = file.storyboard; name = Base; path = Base.lproj/LaunchScreen.storyboard; sourceTree = "<group>"; };
		52A7197F2B716A0E001618D8 /* Info.plist */ = {isa = PBXFileReference; lastKnownFileType = text.plist.xml; path = Info.plist; sourceTree = "<group>"; };
		52A719842B716A0E001618D8 /* CalendarAppTests.xctest */ = {isa = PBXFileReference; explicitFileType = wrapper.cfbundle; includeInIndex = 0; path = CalendarAppTests.xctest; sourceTree = BUILT_PRODUCTS_DIR; };
		52A719882B716A0E001618D8 /* callenderAppTests.swift */ = {isa = PBXFileReference; lastKnownFileType = sourcecode.swift; path = callenderAppTests.swift; sourceTree = "<group>"; };
		52A7198E2B716A0E001618D8 /* CalendarAppUITests.xctest */ = {isa = PBXFileReference; explicitFileType = wrapper.cfbundle; includeInIndex = 0; path = CalendarAppUITests.xctest; sourceTree = BUILT_PRODUCTS_DIR; };
		52A719922B716A0E001618D8 /* callenderAppUITests.swift */ = {isa = PBXFileReference; lastKnownFileType = sourcecode.swift; path = callenderAppUITests.swift; sourceTree = "<group>"; };
		52A719942B716A0E001618D8 /* callenderAppUITestsLaunchTests.swift */ = {isa = PBXFileReference; lastKnownFileType = sourcecode.swift; path = callenderAppUITestsLaunchTests.swift; sourceTree = "<group>"; };
/* End PBXFileReference section */

/* Begin PBXFrameworksBuildPhase section */
		52A7196B2B716A0B001618D8 /* Frameworks */ = {
			isa = PBXFrameworksBuildPhase;
			buildActionMask = 2147483647;
			files = (
			);
			runOnlyForDeploymentPostprocessing = 0;
		};
		52A719812B716A0E001618D8 /* Frameworks */ = {
			isa = PBXFrameworksBuildPhase;
			buildActionMask = 2147483647;
			files = (
			);
			runOnlyForDeploymentPostprocessing = 0;
		};
		52A7198B2B716A0E001618D8 /* Frameworks */ = {
			isa = PBXFrameworksBuildPhase;
			buildActionMask = 2147483647;
			files = (
			);
			runOnlyForDeploymentPostprocessing = 0;
		};
/* End PBXFrameworksBuildPhase section */

/* Begin PBXGroup section */
		52A719652B716A0B001618D8 = {
			isa = PBXGroup;
			children = (
				52A719702B716A0B001618D8 /* callenderApp */,
				52A719872B716A0E001618D8 /* callenderAppTests */,
				52A719912B716A0E001618D8 /* callenderAppUITests */,
				52A7196F2B716A0B001618D8 /* Products */,
			);
			sourceTree = "<group>";
		};
		52A7196F2B716A0B001618D8 /* Products */ = {
			isa = PBXGroup;
			children = (
				52A7196E2B716A0B001618D8 /* CalendarApp.app */,
				52A719842B716A0E001618D8 /* CalendarAppTests.xctest */,
				52A7198E2B716A0E001618D8 /* CalendarAppUITests.xctest */,
			);
			name = Products;
			sourceTree = "<group>";
		};
		52A719702B716A0B001618D8 /* callenderApp */ = {
			isa = PBXGroup;
			children = (
				52A719712B716A0B001618D8 /* AppDelegate.swift */,
				52A719732B716A0B001618D8 /* SceneDelegate.swift */,
				52A719752B716A0B001618D8 /* ViewController.swift */,
				52A719772B716A0B001618D8 /* Main.storyboard */,
				52A7197A2B716A0E001618D8 /* Assets.xcassets */,
				52A7197C2B716A0E001618D8 /* LaunchScreen.storyboard */,
				52A7197F2B716A0E001618D8 /* Info.plist */,
				5256176E2B7170CE0057B82D /* callenderCell.swift */,
				525617702B7176230057B82D /* CallenderHelper.swift */,
			);
			path = callenderApp;
			sourceTree = "<group>";
		};
		52A719872B716A0E001618D8 /* callenderAppTests */ = {
			isa = PBXGroup;
			children = (
				52A719882B716A0E001618D8 /* callenderAppTests.swift */,
			);
			path = callenderAppTests;
			sourceTree = "<group>";
		};
		52A719912B716A0E001618D8 /* callenderAppUITests */ = {
			isa = PBXGroup;
			children = (
				52A719922B716A0E001618D8 /* callenderAppUITests.swift */,
				52A719942B716A0E001618D8 /* callenderAppUITestsLaunchTests.swift */,
			);
			path = callenderAppUITests;
			sourceTree = "<group>";
		};
/* End PBXGroup section */

/* Begin PBXNativeTarget section */
		52A7196D2B716A0B001618D8 /* CalendarApp */ = {
			isa = PBXNativeTarget;
			buildConfigurationList = 52A719982B716A0E001618D8 /* Build configuration list for PBXNativeTarget "CalendarApp" */;
			buildPhases = (
				52A7196A2B716A0B001618D8 /* Sources */,
				52A7196B2B716A0B001618D8 /* Frameworks */,
				52A7196C2B716A0B001618D8 /* Resources */,
			);
			buildRules = (
			);
			dependencies = (
			);
			name = CalendarApp;
			productName = callenderApp;
			productReference = 52A7196E2B716A0B001618D8 /* CalendarApp.app */;
			productType = "com.apple.product-type.application";
		};
		52A719832B716A0E001618D8 /* CalendarAppTests */ = {
			isa = PBXNativeTarget;
			buildConfigurationList = 52A7199B2B716A0E001618D8 /* Build configuration list for PBXNativeTarget "CalendarAppTests" */;
			buildPhases = (
				52A719802B716A0E001618D8 /* Sources */,
				52A719812B716A0E001618D8 /* Frameworks */,
				52A719822B716A0E001618D8 /* Resources */,
			);
			buildRules = (
			);
			dependencies = (
				52A719862B716A0E001618D8 /* PBXTargetDependency */,
			);
			name = CalendarAppTests;
			productName = callenderAppTests;
			productReference = 52A719842B716A0E001618D8 /* CalendarAppTests.xctest */;
			productType = "com.apple.product-type.bundle.unit-test";
		};
		52A7198D2B716A0E001618D8 /* CalendarAppUITests */ = {
			isa = PBXNativeTarget;
			buildConfigurationList = 52A7199E2B716A0E001618D8 /* Build configuration list for PBXNativeTarget "CalendarAppUITests" */;
			buildPhases = (
				52A7198A2B716A0E001618D8 /* Sources */,
				52A7198B2B716A0E001618D8 /* Frameworks */,
				52A7198C2B716A0E001618D8 /* Resources */,
			);
			buildRules = (
			);
			dependencies = (
				52A719902B716A0E001618D8 /* PBXTargetDependency */,
			);
			name = CalendarAppUITests;
			productName = callenderAppUITests;
			productReference = 52A7198E2B716A0E001618D8 /* CalendarAppUITests.xctest */;
			productType = "com.apple.product-type.bundle.ui-testing";
		};
/* End PBXNativeTarget section */

/* Begin PBXProject section */
		52A719662B716A0B001618D8 /* Project object */ = {
			isa = PBXProject;
			attributes = {
				BuildIndependentTargetsInParallel = 1;
				LastSwiftUpdateCheck = 1500;
				LastUpgradeCheck = 1500;
				TargetAttributes = {
					52A7196D2B716A0B001618D8 = {
						CreatedOnToolsVersion = 15.0.1;
					};
					52A719832B716A0E001618D8 = {
						CreatedOnToolsVersion = 15.0.1;
						TestTargetID = 52A7196D2B716A0B001618D8;
					};
					52A7198D2B716A0E001618D8 = {
						CreatedOnToolsVersion = 15.0.1;
						TestTargetID = 52A7196D2B716A0B001618D8;
					};
				};
			};
			buildConfigurationList = 52A719692B716A0B001618D8 /* Build configuration list for PBXProject "CalendarApp" */;
			compatibilityVersion = "Xcode 14.0";
			developmentRegion = en;
			hasScannedForEncodings = 0;
			knownRegions = (
				en,
				Base,
			);
			mainGroup = 52A719652B716A0B001618D8;
			productRefGroup = 52A7196F2B716A0B001618D8 /* Products */;
			projectDirPath = "";
			projectRoot = "";
			targets = (
				52A7196D2B716A0B001618D8 /* CalendarApp */,
				52A719832B716A0E001618D8 /* CalendarAppTests */,
				52A7198D2B716A0E001618D8 /* CalendarAppUITests */,
			);
		};
/* End PBXProject section */

/* Begin PBXResourcesBuildPhase section */
		52A7196C2B716A0B001618D8 /* Resources */ = {
			isa = PBXResourcesBuildPhase;
			buildActionMask = 2147483647;
			files = (
				52A7197E2B716A0E001618D8 /* LaunchScreen.storyboard in Resources */,
				52A7197B2B716A0E001618D8 /* Assets.xcassets in Resources */,
				52A719792B716A0B001618D8 /* Main.storyboard in Resources */,
			);
			runOnlyForDeploymentPostprocessing = 0;
		};
		52A719822B716A0E001618D8 /* Resources */ = {
			isa = PBXResourcesBuildPhase;
			buildActionMask = 2147483647;
			files = (
			);
			runOnlyForDeploymentPostprocessing = 0;
		};
		52A7198C2B716A0E001618D8 /* Resources */ = {
			isa = PBXResourcesBuildPhase;
			buildActionMask = 2147483647;
			files = (
			);
			runOnlyForDeploymentPostprocessing = 0;
		};
/* End PBXResourcesBuildPhase section */

/* Begin PBXSourcesBuildPhase section */
		52A7196A2B716A0B001618D8 /* Sources */ = {
			isa = PBXSourcesBuildPhase;
			buildActionMask = 2147483647;
			files = (
				5256176F2B7170CE0057B82D /* callenderCell.swift in Sources */,
				52A719762B716A0B001618D8 /* ViewController.swift in Sources */,
				52A719722B716A0B001618D8 /* AppDelegate.swift in Sources */,
				525617712B7176230057B82D /* CallenderHelper.swift in Sources */,
				52A719742B716A0B001618D8 /* SceneDelegate.swift in Sources */,
			);
			runOnlyForDeploymentPostprocessing = 0;
		};
		52A719802B716A0E001618D8 /* Sources */ = {
			isa = PBXSourcesBuildPhase;
			buildActionMask = 2147483647;
			files = (
				52A719892B716A0E001618D8 /* callenderAppTests.swift in Sources */,
			);
			runOnlyForDeploymentPostprocessing = 0;
		};
		52A7198A2B716A0E001618D8 /* Sources */ = {
			isa = PBXSourcesBuildPhase;
			buildActionMask = 2147483647;
			files = (
				52A719932B716A0E001618D8 /* callenderAppUITests.swift in Sources */,
				52A719952B716A0E001618D8 /* callenderAppUITestsLaunchTests.swift in Sources */,
			);
			runOnlyForDeploymentPostprocessing = 0;
		};
/* End PBXSourcesBuildPhase section */

/* Begin PBXTargetDependency section */
		52A719862B716A0E001618D8 /* PBXTargetDependency */ = {
			isa = PBXTargetDependency;
			target = 52A7196D2B716A0B001618D8 /* CalendarApp */;
			targetProxy = 52A719852B716A0E001618D8 /* PBXContainerItemProxy */;
		};
		52A719902B716A0E001618D8 /* PBXTargetDependency */ = {
			isa = PBXTargetDependency;
			target = 52A7196D2B716A0B001618D8 /* CalendarApp */;
			targetProxy = 52A7198F2B716A0E001618D8 /* PBXContainerItemProxy */;
		};
/* End PBXTargetDependency section */

/* Begin PBXVariantGroup section */
		52A719772B716A0B001618D8 /* Main.storyboard */ = {
			isa = PBXVariantGroup;
			children = (
				52A719782B716A0B001618D8 /* Base */,
			);
			name = Main.storyboard;
			sourceTree = "<group>";
		};
		52A7197C2B716A0E001618D8 /* LaunchScreen.storyboard */ = {
			isa = PBXVariantGroup;
			children = (
				52A7197D2B716A0E001618D8 /* Base */,
			);
			name = LaunchScreen.storyboard;
			sourceTree = "<group>";
		};
/* End PBXVariantGroup section */

/* Begin XCBuildConfiguration section */
		52A719962B716A0E001618D8 /* Debug */ = {
			isa = XCBuildConfiguration;
			buildSettings = {
				ALWAYS_SEARCH_USER_PATHS = NO;
				ASSETCATALOG_COMPILER_GENERATE_SWIFT_ASSET_SYMBOL_EXTENSIONS = YES;
				CLANG_ANALYZER_NONNULL = YES;
				CLANG_ANALYZER_NUMBER_OBJECT_CONVERSION = YES_AGGRESSIVE;
				CLANG_CXX_LANGUAGE_STANDARD = "gnu++20";
				CLANG_ENABLE_MODULES = YES;
				CLANG_ENABLE_OBJC_ARC = YES;
				CLANG_ENABLE_OBJC_WEAK = YES;
				CLANG_WARN_BLOCK_CAPTURE_AUTORELEASING = YES;
				CLANG_WARN_BOOL_CONVERSION = YES;
				CLANG_WARN_COMMA = YES;
				CLANG_WARN_CONSTANT_CONVERSION = YES;
				CLANG_WARN_DEPRECATED_OBJC_IMPLEMENTATIONS = YES;
				CLANG_WARN_DIRECT_OBJC_ISA_USAGE = YES_ERROR;
				CLANG_WARN_DOCUMENTATION_COMMENTS = YES;
				CLANG_WARN_EMPTY_BODY = YES;
				CLANG_WARN_ENUM_CONVERSION = YES;
				CLANG_WARN_INFINITE_RECURSION = YES;
				CLANG_WARN_INT_CONVERSION = YES;
				CLANG_WARN_NON_LITERAL_NULL_CONVERSION = YES;
				CLANG_WARN_OBJC_IMPLICIT_RETAIN_SELF = YES;
				CLANG_WARN_OBJC_LITERAL_CONVERSION = YES;
				CLANG_WARN_OBJC_ROOT_CLASS = YES_ERROR;
				CLANG_WARN_QUOTED_INCLUDE_IN_FRAMEWORK_HEADER = YES;
				CLANG_WARN_RANGE_LOOP_ANALYSIS = YES;
				CLANG_WARN_STRICT_PROTOTYPES = YES;
				CLANG_WARN_SUSPICIOUS_MOVE = YES;
				CLANG_WARN_UNGUARDED_AVAILABILITY = YES_AGGRESSIVE;
				CLANG_WARN_UNREACHABLE_CODE = YES;
				CLANG_WARN__DUPLICATE_METHOD_MATCH = YES;
				COPY_PHASE_STRIP = NO;
				DEBUG_INFORMATION_FORMAT = dwarf;
				ENABLE_STRICT_OBJC_MSGSEND = YES;
				ENABLE_TESTABILITY = YES;
				ENABLE_USER_SCRIPT_SANDBOXING = YES;
				GCC_C_LANGUAGE_STANDARD = gnu17;
				GCC_DYNAMIC_NO_PIC = NO;
				GCC_NO_COMMON_BLOCKS = YES;
				GCC_OPTIMIZATION_LEVEL = 0;
				GCC_PREPROCESSOR_DEFINITIONS = (
					"DEBUG=1",
					"$(inherited)",
				);
				GCC_WARN_64_TO_32_BIT_CONVERSION = YES;
				GCC_WARN_ABOUT_RETURN_TYPE = YES_ERROR;
				GCC_WARN_UNDECLARED_SELECTOR = YES;
				GCC_WARN_UNINITIALIZED_AUTOS = YES_AGGRESSIVE;
				GCC_WARN_UNUSED_FUNCTION = YES;
				GCC_WARN_UNUSED_VARIABLE = YES;
				IPHONEOS_DEPLOYMENT_TARGET = 17.0;
				LOCALIZATION_PREFERS_STRING_CATALOGS = YES;
				MTL_ENABLE_DEBUG_INFO = INCLUDE_SOURCE;
				MTL_FAST_MATH = YES;
				ONLY_ACTIVE_ARCH = YES;
				SDKROOT = iphoneos;
				SWIFT_ACTIVE_COMPILATION_CONDITIONS = "DEBUG $(inherited)";
				SWIFT_OPTIMIZATION_LEVEL = "-Onone";
			};
			name = Debug;
		};
		52A719972B716A0E001618D8 /* Release */ = {
			isa = XCBuildConfiguration;
			buildSettings = {
				ALWAYS_SEARCH_USER_PATHS = NO;
				ASSETCATALOG_COMPILER_GENERATE_SWIFT_ASSET_SYMBOL_EXTENSIONS = YES;
				CLANG_ANALYZER_NONNULL = YES;
				CLANG_ANALYZER_NUMBER_OBJECT_CONVERSION = YES_AGGRESSIVE;
				CLANG_CXX_LANGUAGE_STANDARD = "gnu++20";
				CLANG_ENABLE_MODULES = YES;
				CLANG_ENABLE_OBJC_ARC = YES;
				CLANG_ENABLE_OBJC_WEAK = YES;
				CLANG_WARN_BLOCK_CAPTURE_AUTORELEASING = YES;
				CLANG_WARN_BOOL_CONVERSION = YES;
				CLANG_WARN_COMMA = YES;
				CLANG_WARN_CONSTANT_CONVERSION = YES;
				CLANG_WARN_DEPRECATED_OBJC_IMPLEMENTATIONS = YES;
				CLANG_WARN_DIRECT_OBJC_ISA_USAGE = YES_ERROR;
				CLANG_WARN_DOCUMENTATION_COMMENTS = YES;
				CLANG_WARN_EMPTY_BODY = YES;
				CLANG_WARN_ENUM_CONVERSION = YES;
				CLANG_WARN_INFINITE_RECURSION = YES;
				CLANG_WARN_INT_CONVERSION = YES;
				CLANG_WARN_NON_LITERAL_NULL_CONVERSION = YES;
				CLANG_WARN_OBJC_IMPLICIT_RETAIN_SELF = YES;
				CLANG_WARN_OBJC_LITERAL_CONVERSION = YES;
				CLANG_WARN_OBJC_ROOT_CLASS = YES_ERROR;
				CLANG_WARN_QUOTED_INCLUDE_IN_FRAMEWORK_HEADER = YES;
				CLANG_WARN_RANGE_LOOP_ANALYSIS = YES;
				CLANG_WARN_STRICT_PROTOTYPES = YES;
				CLANG_WARN_SUSPICIOUS_MOVE = YES;
				CLANG_WARN_UNGUARDED_AVAILABILITY = YES_AGGRESSIVE;
				CLANG_WARN_UNREACHABLE_CODE = YES;
				CLANG_WARN__DUPLICATE_METHOD_MATCH = YES;
				COPY_PHASE_STRIP = NO;
				DEBUG_INFORMATION_FORMAT = "dwarf-with-dsym";
				ENABLE_NS_ASSERTIONS = NO;
				ENABLE_STRICT_OBJC_MSGSEND = YES;
				ENABLE_USER_SCRIPT_SANDBOXING = YES;
				GCC_C_LANGUAGE_STANDARD = gnu17;
				GCC_NO_COMMON_BLOCKS = YES;
				GCC_WARN_64_TO_32_BIT_CONVERSION = YES;
				GCC_WARN_ABOUT_RETURN_TYPE = YES_ERROR;
				GCC_WARN_UNDECLARED_SELECTOR = YES;
				GCC_WARN_UNINITIALIZED_AUTOS = YES_AGGRESSIVE;
				GCC_WARN_UNUSED_FUNCTION = YES;
				GCC_WARN_UNUSED_VARIABLE = YES;
				IPHONEOS_DEPLOYMENT_TARGET = 17.0;
				LOCALIZATION_PREFERS_STRING_CATALOGS = YES;
				MTL_ENABLE_DEBUG_INFO = NO;
				MTL_FAST_MATH = YES;
				SDKROOT = iphoneos;
				SWIFT_COMPILATION_MODE = wholemodule;
				VALIDATE_PRODUCT = YES;
			};
			name = Release;
		};
		52A719992B716A0E001618D8 /* Debug */ = {
			isa = XCBuildConfiguration;
			buildSettings = {
				ASSETCATALOG_COMPILER_APPICON_NAME = AppIcon;
				ASSETCATALOG_COMPILER_GLOBAL_ACCENT_COLOR_NAME = AccentColor;
				CODE_SIGN_STYLE = Automatic;
				CURRENT_PROJECT_VERSION = 1;
				DEVELOPMENT_TEAM = KVAQL3787K;
				GENERATE_INFOPLIST_FILE = YES;
				INFOPLIST_FILE = callenderApp/Info.plist;
				INFOPLIST_KEY_UIApplicationSupportsIndirectInputEvents = YES;
				INFOPLIST_KEY_UILaunchStoryboardName = LaunchScreen;
				INFOPLIST_KEY_UIMainStoryboardFile = Main;
				INFOPLIST_KEY_UISupportedInterfaceOrientations_iPad = "UIInterfaceOrientationPortrait UIInterfaceOrientationPortraitUpsideDown UIInterfaceOrientationLandscapeLeft UIInterfaceOrientationLandscapeRight";
				INFOPLIST_KEY_UISupportedInterfaceOrientations_iPhone = "UIInterfaceOrientationPortrait UIInterfaceOrientationLandscapeLeft UIInterfaceOrientationLandscapeRight";
				LD_RUNPATH_SEARCH_PATHS = (
					"$(inherited)",
					"@executable_path/Frameworks",
				);
				MARKETING_VERSION = 1.0;
				PRODUCT_BUNDLE_IDENTIFIER = com.myProjects.CalendarApp;
				PRODUCT_NAME = "$(TARGET_NAME)";
				SWIFT_EMIT_LOC_STRINGS = YES;
				SWIFT_VERSION = 5.0;
				TARGETED_DEVICE_FAMILY = "1,2";
			};
			name = Debug;
		};
		52A7199A2B716A0E001618D8 /* Release */ = {
			isa = XCBuildConfiguration;
			buildSettings = {
				ASSETCATALOG_COMPILER_APPICON_NAME = AppIcon;
				ASSETCATALOG_COMPILER_GLOBAL_ACCENT_COLOR_NAME = AccentColor;
				CODE_SIGN_STYLE = Automatic;
				CURRENT_PROJECT_VERSION = 1;
				DEVELOPMENT_TEAM = KVAQL3787K;
				GENERATE_INFOPLIST_FILE = YES;
				INFOPLIST_FILE = callenderApp/Info.plist;
				INFOPLIST_KEY_UIApplicationSupportsIndirectInputEvents = YES;
				INFOPLIST_KEY_UILaunchStoryboardName = LaunchScreen;
				INFOPLIST_KEY_UIMainStoryboardFile = Main;
				INFOPLIST_KEY_UISupportedInterfaceOrientations_iPad = "UIInterfaceOrientationPortrait UIInterfaceOrientationPortraitUpsideDown UIInterfaceOrientationLandscapeLeft UIInterfaceOrientationLandscapeRight";
				INFOPLIST_KEY_UISupportedInterfaceOrientations_iPhone = "UIInterfaceOrientationPortrait UIInterfaceOrientationLandscapeLeft UIInterfaceOrientationLandscapeRight";
				LD_RUNPATH_SEARCH_PATHS = (
					"$(inherited)",
					"@executable_path/Frameworks",
				);
				MARKETING_VERSION = 1.0;
				PRODUCT_BUNDLE_IDENTIFIER = com.myProjects.CalendarApp;
				PRODUCT_NAME = "$(TARGET_NAME)";
				SWIFT_EMIT_LOC_STRINGS = YES;
				SWIFT_VERSION = 5.0;
				TARGETED_DEVICE_FAMILY = "1,2";
			};
			name = Release;
		};
		52A7199C2B716A0E001618D8 /* Debug */ = {
			isa = XCBuildConfiguration;
			buildSettings = {
				ALWAYS_EMBED_SWIFT_STANDARD_LIBRARIES = YES;
				BUNDLE_LOADER = "$(TEST_HOST)";
				CODE_SIGN_STYLE = Automatic;
				CURRENT_PROJECT_VERSION = 1;
				GENERATE_INFOPLIST_FILE = YES;
				IPHONEOS_DEPLOYMENT_TARGET = 17.0;
				MARKETING_VERSION = 1.0;
				PRODUCT_BUNDLE_IDENTIFIER = com.myProjects.callenderAppTests;
				PRODUCT_NAME = "$(TARGET_NAME)";
				SWIFT_EMIT_LOC_STRINGS = NO;
				SWIFT_VERSION = 5.0;
				TARGETED_DEVICE_FAMILY = "1,2";
				TEST_HOST = "$(BUILT_PRODUCTS_DIR)/CalendarApp.app/$(BUNDLE_EXECUTABLE_FOLDER_PATH)/CalendarApp";
			};
			name = Debug;
		};
		52A7199D2B716A0E001618D8 /* Release */ = {
			isa = XCBuildConfiguration;
			buildSettings = {
				ALWAYS_EMBED_SWIFT_STANDARD_LIBRARIES = YES;
				BUNDLE_LOADER = "$(TEST_HOST)";
				CODE_SIGN_STYLE = Automatic;
				CURRENT_PROJECT_VERSION = 1;
				GENERATE_INFOPLIST_FILE = YES;
				IPHONEOS_DEPLOYMENT_TARGET = 17.0;
				MARKETING_VERSION = 1.0;
				PRODUCT_BUNDLE_IDENTIFIER = com.myProjects.callenderAppTests;
				PRODUCT_NAME = "$(TARGET_NAME)";
				SWIFT_EMIT_LOC_STRINGS = NO;
				SWIFT_VERSION = 5.0;
				TARGETED_DEVICE_FAMILY = "1,2";
				TEST_HOST = "$(BUILT_PRODUCTS_DIR)/CalendarApp.app/$(BUNDLE_EXECUTABLE_FOLDER_PATH)/CalendarApp";
			};
			name = Release;
		};
		52A7199F2B716A0E001618D8 /* Debug */ = {
			isa = XCBuildConfiguration;
			buildSettings = {
				ALWAYS_EMBED_SWIFT_STANDARD_LIBRARIES = YES;
				CODE_SIGN_STYLE = Automatic;
				CURRENT_PROJECT_VERSION = 1;
				GENERATE_INFOPLIST_FILE = YES;
				MARKETING_VERSION = 1.0;
				PRODUCT_BUNDLE_IDENTIFIER = com.myProjects.callenderAppUITests;
				PRODUCT_NAME = "$(TARGET_NAME)";
				SWIFT_EMIT_LOC_STRINGS = NO;
				SWIFT_VERSION = 5.0;
				TARGETED_DEVICE_FAMILY = "1,2";
				TEST_TARGET_NAME = callenderApp;
			};
			name = Debug;
		};
		52A719A02B716A0E001618D8 /* Release */ = {
			isa = XCBuildConfiguration;
			buildSettings = {
				ALWAYS_EMBED_SWIFT_STANDARD_LIBRARIES = YES;
				CODE_SIGN_STYLE = Automatic;
				CURRENT_PROJECT_VERSION = 1;
				GENERATE_INFOPLIST_FILE = YES;
				MARKETING_VERSION = 1.0;
				PRODUCT_BUNDLE_IDENTIFIER = com.myProjects.callenderAppUITests;
				PRODUCT_NAME = "$(TARGET_NAME)";
				SWIFT_EMIT_LOC_STRINGS = NO;
				SWIFT_VERSION = 5.0;
				TARGETED_DEVICE_FAMILY = "1,2";
				TEST_TARGET_NAME = callenderApp;
			};
			name = Release;
		};
/* End XCBuildConfiguration section */

/* Begin XCConfigurationList section */
		52A719692B716A0B001618D8 /* Build configuration list for PBXProject "CalendarApp" */ = {
			isa = XCConfigurationList;
			buildConfigurations = (
				52A719962B716A0E001618D8 /* Debug */,
				52A719972B716A0E001618D8 /* Release */,
			);
			defaultConfigurationIsVisible = 0;
			defaultConfigurationName = Release;
		};
		52A719982B716A0E001618D8 /* Build configuration list for PBXNativeTarget "CalendarApp" */ = {
			isa = XCConfigurationList;
			buildConfigurations = (
				52A719992B716A0E001618D8 /* Debug */,
				52A7199A2B716A0E001618D8 /* Release */,
			);
			defaultConfigurationIsVisible = 0;
			defaultConfigurationName = Release;
		};
		52A7199B2B716A0E001618D8 /* Build configuration list for PBXNativeTarget "CalendarAppTests" */ = {
			isa = XCConfigurationList;
			buildConfigurations = (
				52A7199C2B716A0E001618D8 /* Debug */,
				52A7199D2B716A0E001618D8 /* Release */,
			);
			defaultConfigurationIsVisible = 0;
			defaultConfigurationName = Release;
		};
		52A7199E2B716A0E001618D8 /* Build configuration list for PBXNativeTarget "CalendarAppUITests" */ = {
			isa = XCConfigurationList;
			buildConfigurations = (
				52A7199F2B716A0E001618D8 /* Debug */,
				52A719A02B716A0E001618D8 /* Release */,
			);
			defaultConfigurationIsVisible = 0;
			defaultConfigurationName = Release;
		};
/* End XCConfigurationList section */
	};
	rootObject = 52A719662B716A0B001618D8 /* Project object */;
}
